// !$*UTF8*$!
{
	archiveVersion = 1;
	classes = {
	};
	objectVersion = 46;
	objects = {

/* Begin PBXBuildFile section */
		6CBBB4DB1BAD6C5200200BFC /* AppDelegate.swift in Sources */ = {isa = PBXBuildFile; fileRef = 6CBBB4DA1BAD6C5200200BFC /* AppDelegate.swift */; };
		6CBBB4DD1BAD6C5200200BFC /* ViewController.swift in Sources */ = {isa = PBXBuildFile; fileRef = 6CBBB4DC1BAD6C5200200BFC /* ViewController.swift */; };
		6CBBB4E01BAD6C5200200BFC /* Main.storyboard in Resources */ = {isa = PBXBuildFile; fileRef = 6CBBB4DE1BAD6C5200200BFC /* Main.storyboard */; };
		6CBBB4E21BAD6C5200200BFC /* Assets.xcassets in Resources */ = {isa = PBXBuildFile; fileRef = 6CBBB4E11BAD6C5200200BFC /* Assets.xcassets */; };
		6CBBB4E51BAD6C5200200BFC /* LaunchScreen.storyboard in Resources */ = {isa = PBXBuildFile; fileRef = 6CBBB4E31BAD6C5200200BFC /* LaunchScreen.storyboard */; };
		6CBBB4F01BAD6C5200200BFC /* rest_getTests.swift in Sources */ = {isa = PBXBuildFile; fileRef = 6CBBB4EF1BAD6C5200200BFC /* rest_getTests.swift */; };
		6CBBB4FB1BAD6C5200200BFC /* rest_getUITests.swift in Sources */ = {isa = PBXBuildFile; fileRef = 6CBBB4FA1BAD6C5200200BFC /* rest_getUITests.swift */; };
/* End PBXBuildFile section */

/* Begin PBXContainerItemProxy section */
		6CBBB4EC1BAD6C5200200BFC /* PBXContainerItemProxy */ = {
			isa = PBXContainerItemProxy;
			containerPortal = 6CBBB4CF1BAD6C5200200BFC /* Project object */;
			proxyType = 1;
			remoteGlobalIDString = 6CBBB4D61BAD6C5200200BFC;
			remoteInfo = "rest-get";
		};
		6CBBB4F71BAD6C5200200BFC /* PBXContainerItemProxy */ = {
			isa = PBXContainerItemProxy;
			containerPortal = 6CBBB4CF1BAD6C5200200BFC /* Project object */;
			proxyType = 1;
			remoteGlobalIDString = 6CBBB4D61BAD6C5200200BFC;
			remoteInfo = "rest-get";
		};
/* End PBXContainerItemProxy section */

/* Begin PBXFileReference section */
		6CBBB4D71BAD6C5200200BFC /* rest-get.app */ = {isa = PBXFileReference; explicitFileType = wrapper.application; includeInIndex = 0; path = "rest-get.app"; sourceTree = BUILT_PRODUCTS_DIR; };
		6CBBB4DA1BAD6C5200200BFC /* AppDelegate.swift */ = {isa = PBXFileReference; lastKnownFileType = sourcecode.swift; path = AppDelegate.swift; sourceTree = "<group>"; };
		6CBBB4DC1BAD6C5200200BFC /* ViewController.swift */ = {isa = PBXFileReference; lastKnownFileType = sourcecode.swift; path = ViewController.swift; sourceTree = "<group>"; };
		6CBBB4DF1BAD6C5200200BFC /* Base */ = {isa = PBXFileReference; lastKnownFileType = file.storyboard; name = Base; path = Base.lproj/Main.storyboard; sourceTree = "<group>"; };
		6CBBB4E11BAD6C5200200BFC /* Assets.xcassets */ = {isa = PBXFileReference; lastKnownFileType = folder.assetcatalog; path = Assets.xcassets; sourceTree = "<group>"; };
		6CBBB4E41BAD6C5200200BFC /* Base */ = {isa = PBXFileReference; lastKnownFileType = file.storyboard; name = Base; path = Base.lproj/LaunchScreen.storyboard; sourceTree = "<group>"; };
		6CBBB4E61BAD6C5200200BFC /* Info.plist */ = {isa = PBXFileReference; lastKnownFileType = text.plist.xml; path = Info.plist; sourceTree = "<group>"; };
		6CBBB4EB1BAD6C5200200BFC /* rest-getTests.xctest */ = {isa = PBXFileReference; explicitFileType = wrapper.cfbundle; includeInIndex = 0; path = "rest-getTests.xctest"; sourceTree = BUILT_PRODUCTS_DIR; };
		6CBBB4EF1BAD6C5200200BFC /* rest_getTests.swift */ = {isa = PBXFileReference; lastKnownFileType = sourcecode.swift; path = rest_getTests.swift; sourceTree = "<group>"; };
		6CBBB4F11BAD6C5200200BFC /* Info.plist */ = {isa = PBXFileReference; lastKnownFileType = text.plist.xml; path = Info.plist; sourceTree = "<group>"; };
		6CBBB4F61BAD6C5200200BFC /* rest-getUITests.xctest */ = {isa = PBXFileReference; explicitFileType = wrapper.cfbundle; includeInIndex = 0; path = "rest-getUITests.xctest"; sourceTree = BUILT_PRODUCTS_DIR; };
		6CBBB4FA1BAD6C5200200BFC /* rest_getUITests.swift */ = {isa = PBXFileReference; lastKnownFileType = sourcecode.swift; path = rest_getUITests.swift; sourceTree = "<group>"; };
		6CBBB4FC1BAD6C5200200BFC /* Info.plist */ = {isa = PBXFileReference; lastKnownFileType = text.plist.xml; path = Info.plist; sourceTree = "<group>"; };
/* End PBXFileReference section */

/* Begin PBXFrameworksBuildPhase section */
		6CBBB4D41BAD6C5200200BFC /* Frameworks */ = {
			isa = PBXFrameworksBuildPhase;
			buildActionMask = 2147483647;
			files = (
			);
			runOnlyForDeploymentPostprocessing = 0;
		};
		6CBBB4E81BAD6C5200200BFC /* Frameworks */ = {
			isa = PBXFrameworksBuildPhase;
			buildActionMask = 2147483647;
			files = (
			);
			runOnlyForDeploymentPostprocessing = 0;
		};
		6CBBB4F31BAD6C5200200BFC /* Frameworks */ = {
			isa = PBXFrameworksBuildPhase;
			buildActionMask = 2147483647;
			files = (
			);
			runOnlyForDeploymentPostprocessing = 0;
		};
/* End PBXFrameworksBuildPhase section */

/* Begin PBXGroup section */
		6CBBB4CE1BAD6C5200200BFC = {
			isa = PBXGroup;
			children = (
				6CBBB4D91BAD6C5200200BFC /* rest-get */,
				6CBBB4EE1BAD6C5200200BFC /* rest-getTests */,
				6CBBB4F91BAD6C5200200BFC /* rest-getUITests */,
				6CBBB4D81BAD6C5200200BFC /* Products */,
			);
			sourceTree = "<group>";
		};
		6CBBB4D81BAD6C5200200BFC /* Products */ = {
			isa = PBXGroup;
			children = (
				6CBBB4D71BAD6C5200200BFC /* rest-get.app */,
				6CBBB4EB1BAD6C5200200BFC /* rest-getTests.xctest */,
				6CBBB4F61BAD6C5200200BFC /* rest-getUITests.xctest */,
			);
			name = Products;
			sourceTree = "<group>";
		};
		6CBBB4D91BAD6C5200200BFC /* rest-get */ = {
			isa = PBXGroup;
			children = (
				6CBBB4DA1BAD6C5200200BFC /* AppDelegate.swift */,
				6CBBB4DC1BAD6C5200200BFC /* ViewController.swift */,
				6CBBB4DE1BAD6C5200200BFC /* Main.storyboard */,
				6CBBB4E11BAD6C5200200BFC /* Assets.xcassets */,
				6CBBB4E31BAD6C5200200BFC /* LaunchScreen.storyboard */,
				6CBBB4E61BAD6C5200200BFC /* Info.plist */,
			);
			path = "rest-get";
			sourceTree = "<group>";
		};
		6CBBB4EE1BAD6C5200200BFC /* rest-getTests */ = {
			isa = PBXGroup;
			children = (
				6CBBB4EF1BAD6C5200200BFC /* rest_getTests.swift */,
				6CBBB4F11BAD6C5200200BFC /* Info.plist */,
			);
			path = "rest-getTests";
			sourceTree = "<group>";
		};
		6CBBB4F91BAD6C5200200BFC /* rest-getUITests */ = {
			isa = PBXGroup;
			children = (
				6CBBB4FA1BAD6C5200200BFC /* rest_getUITests.swift */,
				6CBBB4FC1BAD6C5200200BFC /* Info.plist */,
			);
			path = "rest-getUITests";
			sourceTree = "<group>";
		};
/* End PBXGroup section */

/* Begin PBXNativeTarget section */
		6CBBB4D61BAD6C5200200BFC /* rest-get */ = {
			isa = PBXNativeTarget;
			buildConfigurationList = 6CBBB4FF1BAD6C5200200BFC /* Build configuration list for PBXNativeTarget "rest-get" */;
			buildPhases = (
				6CBBB4D31BAD6C5200200BFC /* Sources */,
				6CBBB4D41BAD6C5200200BFC /* Frameworks */,
				6CBBB4D51BAD6C5200200BFC /* Resources */,
			);
			buildRules = (
			);
			dependencies = (
			);
			name = "rest-get";
			productName = "rest-get";
			productReference = 6CBBB4D71BAD6C5200200BFC /* rest-get.app */;
			productType = "com.apple.product-type.application";
		};
		6CBBB4EA1BAD6C5200200BFC /* rest-getTests */ = {
			isa = PBXNativeTarget;
			buildConfigurationList = 6CBBB5021BAD6C5200200BFC /* Build configuration list for PBXNativeTarget "rest-getTests" */;
			buildPhases = (
				6CBBB4E71BAD6C5200200BFC /* Sources */,
				6CBBB4E81BAD6C5200200BFC /* Frameworks */,
				6CBBB4E91BAD6C5200200BFC /* Resources */,
			);
			buildRules = (
			);
			dependencies = (
				6CBBB4ED1BAD6C5200200BFC /* PBXTargetDependency */,
			);
			name = "rest-getTests";
			productName = "rest-getTests";
			productReference = 6CBBB4EB1BAD6C5200200BFC /* rest-getTests.xctest */;
			productType = "com.apple.product-type.bundle.unit-test";
		};
		6CBBB4F51BAD6C5200200BFC /* rest-getUITests */ = {
			isa = PBXNativeTarget;
			buildConfigurationList = 6CBBB5051BAD6C5200200BFC /* Build configuration list for PBXNativeTarget "rest-getUITests" */;
			buildPhases = (
				6CBBB4F21BAD6C5200200BFC /* Sources */,
				6CBBB4F31BAD6C5200200BFC /* Frameworks */,
				6CBBB4F41BAD6C5200200BFC /* Resources */,
			);
			buildRules = (
			);
			dependencies = (
				6CBBB4F81BAD6C5200200BFC /* PBXTargetDependency */,
			);
			name = "rest-getUITests";
			productName = "rest-getUITests";
			productReference = 6CBBB4F61BAD6C5200200BFC /* rest-getUITests.xctest */;
			productType = "com.apple.product-type.bundle.ui-testing";
		};
/* End PBXNativeTarget section */

/* Begin PBXProject section */
		6CBBB4CF1BAD6C5200200BFC /* Project object */ = {
			isa = PBXProject;
			attributes = {
				LastUpgradeCheck = 0700;
				ORGANIZATIONNAME = "Geoff Dudgeon";
				TargetAttributes = {
					6CBBB4D61BAD6C5200200BFC = {
						CreatedOnToolsVersion = 7.0;
					};
					6CBBB4EA1BAD6C5200200BFC = {
						CreatedOnToolsVersion = 7.0;
						TestTargetID = 6CBBB4D61BAD6C5200200BFC;
					};
					6CBBB4F51BAD6C5200200BFC = {
						CreatedOnToolsVersion = 7.0;
						TestTargetID = 6CBBB4D61BAD6C5200200BFC;
					};
				};
			};
			buildConfigurationList = 6CBBB4D21BAD6C5200200BFC /* Build configuration list for PBXProject "rest-get" */;
			compatibilityVersion = "Xcode 3.2";
			developmentRegion = English;
			hasScannedForEncodings = 0;
			knownRegions = (
				en,
				Base,
			);
			mainGroup = 6CBBB4CE1BAD6C5200200BFC;
			productRefGroup = 6CBBB4D81BAD6C5200200BFC /* Products */;
			projectDirPath = "";
			projectRoot = "";
			targets = (
				6CBBB4D61BAD6C5200200BFC /* rest-get */,
				6CBBB4EA1BAD6C5200200BFC /* rest-getTests */,
				6CBBB4F51BAD6C5200200BFC /* rest-getUITests */,
			);
		};
/* End PBXProject section */

/* Begin PBXResourcesBuildPhase section */
		6CBBB4D51BAD6C5200200BFC /* Resources */ = {
			isa = PBXResourcesBuildPhase;
			buildActionMask = 2147483647;
			files = (
				6CBBB4E51BAD6C5200200BFC /* LaunchScreen.storyboard in Resources */,
				6CBBB4E21BAD6C5200200BFC /* Assets.xcassets in Resources */,
				6CBBB4E01BAD6C5200200BFC /* Main.storyboard in Resources */,
			);
			runOnlyForDeploymentPostprocessing = 0;
		};
		6CBBB4E91BAD6C5200200BFC /* Resources */ = {
			isa = PBXResourcesBuildPhase;
			buildActionMask = 2147483647;
			files = (
			);
			runOnlyForDeploymentPostprocessing = 0;
		};
		6CBBB4F41BAD6C5200200BFC /* Resources */ = {
			isa = PBXResourcesBuildPhase;
			buildActionMask = 2147483647;
			files = (
			);
			runOnlyForDeploymentPostprocessing = 0;
		};
/* End PBXResourcesBuildPhase section */

/* Begin PBXSourcesBuildPhase section */
		6CBBB4D31BAD6C5200200BFC /* Sources */ = {
			isa = PBXSourcesBuildPhase;
			buildActionMask = 2147483647;
			files = (
				6CBBB4DD1BAD6C5200200BFC /* ViewController.swift in Sources */,
				6CBBB4DB1BAD6C5200200BFC /* AppDelegate.swift in Sources */,
			);
			runOnlyForDeploymentPostprocessing = 0;
		};
		6CBBB4E71BAD6C5200200BFC /* Sources */ = {
			isa = PBXSourcesBuildPhase;
			buildActionMask = 2147483647;
			files = (
				6CBBB4F01BAD6C5200200BFC /* rest_getTests.swift in Sources */,
			);
			runOnlyForDeploymentPostprocessing = 0;
		};
		6CBBB4F21BAD6C5200200BFC /* Sources */ = {
			isa = PBXSourcesBuildPhase;
			buildActionMask = 2147483647;
			files = (
				6CBBB4FB1BAD6C5200200BFC /* rest_getUITests.swift in Sources */,
			);
			runOnlyForDeploymentPostprocessing = 0;
		};
/* End PBXSourcesBuildPhase section */

/* Begin PBXTargetDependency section */
		6CBBB4ED1BAD6C5200200BFC /* PBXTargetDependency */ = {
			isa = PBXTargetDependency;
			target = 6CBBB4D61BAD6C5200200BFC /* rest-get */;
			targetProxy = 6CBBB4EC1BAD6C5200200BFC /* PBXContainerItemProxy */;
		};
		6CBBB4F81BAD6C5200200BFC /* PBXTargetDependency */ = {
			isa = PBXTargetDependency;
			target = 6CBBB4D61BAD6C5200200BFC /* rest-get */;
			targetProxy = 6CBBB4F71BAD6C5200200BFC /* PBXContainerItemProxy */;
		};
/* End PBXTargetDependency section */

/* Begin PBXVariantGroup section */
		6CBBB4DE1BAD6C5200200BFC /* Main.storyboard */ = {
			isa = PBXVariantGroup;
			children = (
				6CBBB4DF1BAD6C5200200BFC /* Base */,
			);
			name = Main.storyboard;
			sourceTree = "<group>";
		};
		6CBBB4E31BAD6C5200200BFC /* LaunchScreen.storyboard */ = {
			isa = PBXVariantGroup;
			children = (
				6CBBB4E41BAD6C5200200BFC /* Base */,
			);
			name = LaunchScreen.storyboard;
			sourceTree = "<group>";
		};
/* End PBXVariantGroup section */

/* Begin XCBuildConfiguration section */
		6CBBB4FD1BAD6C5200200BFC /* Debug */ = {
			isa = XCBuildConfiguration;
			buildSettings = {
				ALWAYS_SEARCH_USER_PATHS = NO;
				CLANG_CXX_LANGUAGE_STANDARD = "gnu++0x";
				CLANG_CXX_LIBRARY = "libc++";
				CLANG_ENABLE_MODULES = YES;
				CLANG_ENABLE_OBJC_ARC = YES;
				CLANG_WARN_BOOL_CONVERSION = YES;
				CLANG_WARN_CONSTANT_CONVERSION = YES;
				CLANG_WARN_DIRECT_OBJC_ISA_USAGE = YES_ERROR;
				CLANG_WARN_EMPTY_BODY = YES;
				CLANG_WARN_ENUM_CONVERSION = YES;
				CLANG_WARN_INT_CONVERSION = YES;
				CLANG_WARN_OBJC_ROOT_CLASS = YES_ERROR;
				CLANG_WARN_UNREACHABLE_CODE = YES;
				CLANG_WARN__DUPLICATE_METHOD_MATCH = YES;
				"CODE_SIGN_IDENTITY[sdk=iphoneos*]" = "iPhone Developer";
				COPY_PHASE_STRIP = NO;
				DEBUG_INFORMATION_FORMAT = dwarf;
				ENABLE_STRICT_OBJC_MSGSEND = YES;
				ENABLE_TESTABILITY = YES;
				GCC_C_LANGUAGE_STANDARD = gnu99;
				GCC_DYNAMIC_NO_PIC = NO;
				GCC_NO_COMMON_BLOCKS = YES;
				GCC_OPTIMIZATION_LEVEL = 0;
				GCC_PREPROCESSOR_DEFINITIONS = (
					"DEBUG=1",
					"$(inherited)",
				);
				GCC_WARN_64_TO_32_BIT_CONVERSION = YES;
				GCC_WARN_ABOUT_RETURN_TYPE = YES_ERROR;
				GCC_WARN_UNDECLARED_SELECTOR = YES;
				GCC_WARN_UNINITIALIZED_AUTOS = YES_AGGRESSIVE;
				GCC_WARN_UNUSED_FUNCTION = YES;
				GCC_WARN_UNUSED_VARIABLE = YES;
				IPHONEOS_DEPLOYMENT_TARGET = 9.0;
				MTL_ENABLE_DEBUG_INFO = YES;
				ONLY_ACTIVE_ARCH = YES;
				SDKROOT = iphoneos;
				SWIFT_OPTIMIZATION_LEVEL = "-Onone";
			};
			name = Debug;
		};
		6CBBB4FE1BAD6C5200200BFC /* Release */ = {
			isa = XCBuildConfiguration;
			buildSettings = {
				ALWAYS_SEARCH_USER_PATHS = NO;
				CLANG_CXX_LANGUAGE_STANDARD = "gnu++0x";
				CLANG_CXX_LIBRARY = "libc++";
				CLANG_ENABLE_MODULES = YES;
				CLANG_ENABLE_OBJC_ARC = YES;
				CLANG_WARN_BOOL_CONVERSION = YES;
				CLANG_WARN_CONSTANT_CONVERSION = YES;
				CLANG_WARN_DIRECT_OBJC_ISA_USAGE = YES_ERROR;
				CLANG_WARN_EMPTY_BODY = YES;
				CLANG_WARN_ENUM_CONVERSION = YES;
				CLANG_WARN_INT_CONVERSION = YES;
				CLANG_WARN_OBJC_ROOT_CLASS = YES_ERROR;
				CLANG_WARN_UNREACHABLE_CODE = YES;
				CLANG_WARN__DUPLICATE_METHOD_MATCH = YES;
				"CODE_SIGN_IDENTITY[sdk=iphoneos*]" = "iPhone Developer";
				COPY_PHASE_STRIP = NO;
				DEBUG_INFORMATION_FORMAT = "dwarf-with-dsym";
				ENABLE_NS_ASSERTIONS = NO;
				ENABLE_STRICT_OBJC_MSGSEND = YES;
				GCC_C_LANGUAGE_STANDARD = gnu99;
				GCC_NO_COMMON_BLOCKS = YES;
				GCC_WARN_64_TO_32_BIT_CONVERSION = YES;
				GCC_WARN_ABOUT_RETURN_TYPE = YES_ERROR;
				GCC_WARN_UNDECLARED_SELECTOR = YES;
				GCC_WARN_UNINITIALIZED_AUTOS = YES_AGGRESSIVE;
				GCC_WARN_UNUSED_FUNCTION = YES;
				GCC_WARN_UNUSED_VARIABLE = YES;
				IPHONEOS_DEPLOYMENT_TARGET = 9.0;
				MTL_ENABLE_DEBUG_INFO = NO;
				SDKROOT = iphoneos;
				VALIDATE_PRODUCT = YES;
			};
			name = Release;
		};
		6CBBB5001BAD6C5200200BFC /* Debug */ = {
			isa = XCBuildConfiguration;
			buildSettings = {
				ASSETCATALOG_COMPILER_APPICON_NAME = AppIcon;
				INFOPLIST_FILE = "rest-get/Info.plist";
				LD_RUNPATH_SEARCH_PATHS = "$(inherited) @executable_path/Frameworks";
				PRODUCT_BUNDLE_IDENTIFIER = "is.geoff.rest-get";
				PRODUCT_NAME = "$(TARGET_NAME)";
			};
			name = Debug;
		};
		6CBBB5011BAD6C5200200BFC /* Release */ = {
			isa = XCBuildConfiguration;
			buildSettings = {
				ASSETCATALOG_COMPILER_APPICON_NAME = AppIcon;
				INFOPLIST_FILE = "rest-get/Info.plist";
				LD_RUNPATH_SEARCH_PATHS = "$(inherited) @executable_path/Frameworks";
				PRODUCT_BUNDLE_IDENTIFIER = "is.geoff.rest-get";
				PRODUCT_NAME = "$(TARGET_NAME)";
			};
			name = Release;
		};
		6CBBB5031BAD6C5200200BFC /* Debug */ = {
			isa = XCBuildConfiguration;
			buildSettings = {
				BUNDLE_LOADER = "$(TEST_HOST)";
				INFOPLIST_FILE = "rest-getTests/Info.plist";
				LD_RUNPATH_SEARCH_PATHS = "$(inherited) @executable_path/Frameworks @loader_path/Frameworks";
				PRODUCT_BUNDLE_IDENTIFIER = "is.geoff.rest-getTests";
				PRODUCT_NAME = "$(TARGET_NAME)";
				TEST_HOST = "$(BUILT_PRODUCTS_DIR)/rest-get.app/rest-get";
			};
			name = Debug;
		};
		6CBBB5041BAD6C5200200BFC /* Release */ = {
			isa = XCBuildConfiguration;
			buildSettings = {
				BUNDLE_LOADER = "$(TEST_HOST)";
				INFOPLIST_FILE = "rest-getTests/Info.plist";
				LD_RUNPATH_SEARCH_PATHS = "$(inherited) @executable_path/Frameworks @loader_path/Frameworks";
				PRODUCT_BUNDLE_IDENTIFIER = "is.geoff.rest-getTests";
				PRODUCT_NAME = "$(TARGET_NAME)";
				TEST_HOST = "$(BUILT_PRODUCTS_DIR)/rest-get.app/rest-get";
			};
			name = Release;
		};
		6CBBB5061BAD6C5200200BFC /* Debug */ = {
			isa = XCBuildConfiguration;
			buildSettings = {
				INFOPLIST_FILE = "rest-getUITests/Info.plist";
				LD_RUNPATH_SEARCH_PATHS = "$(inherited) @executable_path/Frameworks @loader_path/Frameworks";
				PRODUCT_BUNDLE_IDENTIFIER = "is.geoff.rest-getUITests";
				PRODUCT_NAME = "$(TARGET_NAME)";
				TEST_TARGET_NAME = "rest-get";
				USES_XCTRUNNER = YES;
			};
			name = Debug;
		};
		6CBBB5071BAD6C5200200BFC /* Release */ = {
			isa = XCBuildConfiguration;
			buildSettings = {
				INFOPLIST_FILE = "rest-getUITests/Info.plist";
				LD_RUNPATH_SEARCH_PATHS = "$(inherited) @executable_path/Frameworks @loader_path/Frameworks";
				PRODUCT_BUNDLE_IDENTIFIER = "is.geoff.rest-getUITests";
				PRODUCT_NAME = "$(TARGET_NAME)";
				TEST_TARGET_NAME = "rest-get";
				USES_XCTRUNNER = YES;
			};
			name = Release;
		};
/* End XCBuildConfiguration section */

/* Begin XCConfigurationList section */
		6CBBB4D21BAD6C5200200BFC /* Build configuration list for PBXProject "rest-get" */ = {
			isa = XCConfigurationList;
			buildConfigurations = (
				6CBBB4FD1BAD6C5200200BFC /* Debug */,
				6CBBB4FE1BAD6C5200200BFC /* Release */,
			);
			defaultConfigurationIsVisible = 0;
			defaultConfigurationName = Release;
		};
		6CBBB4FF1BAD6C5200200BFC /* Build configuration list for PBXNativeTarget "rest-get" */ = {
			isa = XCConfigurationList;
			buildConfigurations = (
				6CBBB5001BAD6C5200200BFC /* Debug */,
				6CBBB5011BAD6C5200200BFC /* Release */,
			);
			defaultConfigurationIsVisible = 0;
		};
		6CBBB5021BAD6C5200200BFC /* Build configuration list for PBXNativeTarget "rest-getTests" */ = {
			isa = XCConfigurationList;
			buildConfigurations = (
				6CBBB5031BAD6C5200200BFC /* Debug */,
				6CBBB5041BAD6C5200200BFC /* Release */,
			);
			defaultConfigurationIsVisible = 0;
		};
		6CBBB5051BAD6C5200200BFC /* Build configuration list for PBXNativeTarget "rest-getUITests" */ = {
			isa = XCConfigurationList;
			buildConfigurations = (
				6CBBB5061BAD6C5200200BFC /* Debug */,
				6CBBB5071BAD6C5200200BFC /* Release */,
			);
			defaultConfigurationIsVisible = 0;
		};
/* End XCConfigurationList section */
	};
	rootObject = 6CBBB4CF1BAD6C5200200BFC /* Project object */;
}
